// !$*UTF8*$!
{
	archiveVersion = 1;
	classes = {
	};
	objectVersion = 48;
	objects = {

/* Begin PBXBuildFile section */
		4145AB0F1F6058C5004AADD9 /* AKTextView.m in Sources */ = {isa = PBXBuildFile; fileRef = 4145AB0E1F6058C5004AADD9 /* AKTextView.m */; };
		4145AB121F6058E8004AADD9 /* AKTextViewController.m in Sources */ = {isa = PBXBuildFile; fileRef = 4145AB111F6058E8004AADD9 /* AKTextViewController.m */; };
		4145AB161F6059AD004AADD9 /* AKMixViewController.m in Sources */ = {isa = PBXBuildFile; fileRef = 4145AB151F6059AD004AADD9 /* AKMixViewController.m */; };
		415DDE721F6045FC00F43738 /* AppDelegate.m in Sources */ = {isa = PBXBuildFile; fileRef = 415DDE711F6045FC00F43738 /* AppDelegate.m */; };
		415DDE751F6045FC00F43738 /* ViewController.m in Sources */ = {isa = PBXBuildFile; fileRef = 415DDE741F6045FC00F43738 /* ViewController.m */; };
		415DDE781F6045FC00F43738 /* Main.storyboard in Resources */ = {isa = PBXBuildFile; fileRef = 415DDE761F6045FC00F43738 /* Main.storyboard */; };
		415DDE7B1F6045FC00F43738 /* AKAudioNoteBook.xcdatamodeld in Sources */ = {isa = PBXBuildFile; fileRef = 415DDE791F6045FC00F43738 /* AKAudioNoteBook.xcdatamodeld */; };
		415DDE7D1F6045FC00F43738 /* Assets.xcassets in Resources */ = {isa = PBXBuildFile; fileRef = 415DDE7C1F6045FC00F43738 /* Assets.xcassets */; };
		415DDE801F6045FC00F43738 /* LaunchScreen.storyboard in Resources */ = {isa = PBXBuildFile; fileRef = 415DDE7E1F6045FC00F43738 /* LaunchScreen.storyboard */; };
		415DDE831F6045FC00F43738 /* main.m in Sources */ = {isa = PBXBuildFile; fileRef = 415DDE821F6045FC00F43738 /* main.m */; };
		415DDE8D1F6045FC00F43738 /* AKAudioNoteBookTests.m in Sources */ = {isa = PBXBuildFile; fileRef = 415DDE8C1F6045FC00F43738 /* AKAudioNoteBookTests.m */; };
		415DDE981F6045FC00F43738 /* AKAudioNoteBookUITests.m in Sources */ = {isa = PBXBuildFile; fileRef = 415DDE971F6045FC00F43738 /* AKAudioNoteBookUITests.m */; };
		415DDEA81F604AC800F43738 /* AKMainCategory.m in Sources */ = {isa = PBXBuildFile; fileRef = 415DDEA71F604AC700F43738 /* AKMainCategory.m */; };
		6F5AD7595735E6DB59A8D3D4 /* libPods-AKAudioNoteBook.a in Frameworks */ = {isa = PBXBuildFile; fileRef = E1989D089CEBEA530EFF6DDE /* libPods-AKAudioNoteBook.a */; };
		E23EC8309B7748A02454602E /* libPods-AKAudioNoteBookTests.a in Frameworks */ = {isa = PBXBuildFile; fileRef = 051038B56CA0AA3444AF68EE /* libPods-AKAudioNoteBookTests.a */; };
		F93C4944137F9E48F27CB9D0 /* libPods-AKAudioNoteBookUITests.a in Frameworks */ = {isa = PBXBuildFile; fileRef = 467093FB848837A40BE2D99D /* libPods-AKAudioNoteBookUITests.a */; };
/* End PBXBuildFile section */

/* Begin PBXContainerItemProxy section */
		415DDE891F6045FC00F43738 /* PBXContainerItemProxy */ = {
			isa = PBXContainerItemProxy;
			containerPortal = 415DDE651F6045FC00F43738 /* Project object */;
			proxyType = 1;
			remoteGlobalIDString = 415DDE6C1F6045FC00F43738;
			remoteInfo = AKAudioNoteBook;
		};
		415DDE941F6045FC00F43738 /* PBXContainerItemProxy */ = {
			isa = PBXContainerItemProxy;
			containerPortal = 415DDE651F6045FC00F43738 /* Project object */;
			proxyType = 1;
			remoteGlobalIDString = 415DDE6C1F6045FC00F43738;
			remoteInfo = AKAudioNoteBook;
		};
/* End PBXContainerItemProxy section */

/* Begin PBXFileReference section */
		051038B56CA0AA3444AF68EE /* libPods-AKAudioNoteBookTests.a */ = {isa = PBXFileReference; explicitFileType = archive.ar; includeInIndex = 0; path = "libPods-AKAudioNoteBookTests.a"; sourceTree = BUILT_PRODUCTS_DIR; };
		15E510BD1A1C98D2AE898037 /* Pods-AKAudioNoteBookUITests.debug.xcconfig */ = {isa = PBXFileReference; includeInIndex = 1; lastKnownFileType = text.xcconfig; name = "Pods-AKAudioNoteBookUITests.debug.xcconfig"; path = "Pods/Target Support Files/Pods-AKAudioNoteBookUITests/Pods-AKAudioNoteBookUITests.debug.xcconfig"; sourceTree = "<group>"; };
		4145AB0D1F6058C5004AADD9 /* AKTextView.h */ = {isa = PBXFileReference; lastKnownFileType = sourcecode.c.h; path = AKTextView.h; sourceTree = "<group>"; };
		4145AB0E1F6058C5004AADD9 /* AKTextView.m */ = {isa = PBXFileReference; lastKnownFileType = sourcecode.c.objc; path = AKTextView.m; sourceTree = "<group>"; };
		4145AB101F6058E8004AADD9 /* AKTextViewController.h */ = {isa = PBXFileReference; lastKnownFileType = sourcecode.c.h; path = AKTextViewController.h; sourceTree = "<group>"; };
		4145AB111F6058E8004AADD9 /* AKTextViewController.m */ = {isa = PBXFileReference; lastKnownFileType = sourcecode.c.objc; path = AKTextViewController.m; sourceTree = "<group>"; };
		4145AB141F6059AD004AADD9 /* AKMixViewController.h */ = {isa = PBXFileReference; lastKnownFileType = sourcecode.c.h; path = AKMixViewController.h; sourceTree = "<group>"; };
		4145AB151F6059AD004AADD9 /* AKMixViewController.m */ = {isa = PBXFileReference; lastKnownFileType = sourcecode.c.objc; path = AKMixViewController.m; sourceTree = "<group>"; };
		415DDE6D1F6045FC00F43738 /* AKAudioNoteBook.app */ = {isa = PBXFileReference; explicitFileType = wrapper.application; includeInIndex = 0; path = AKAudioNoteBook.app; sourceTree = BUILT_PRODUCTS_DIR; };
		415DDE701F6045FC00F43738 /* AppDelegate.h */ = {isa = PBXFileReference; lastKnownFileType = sourcecode.c.h; path = AppDelegate.h; sourceTree = "<group>"; };
		415DDE711F6045FC00F43738 /* AppDelegate.m */ = {isa = PBXFileReference; lastKnownFileType = sourcecode.c.objc; path = AppDelegate.m; sourceTree = "<group>"; };
		415DDE731F6045FC00F43738 /* ViewController.h */ = {isa = PBXFileReference; lastKnownFileType = sourcecode.c.h; path = ViewController.h; sourceTree = "<group>"; };
		415DDE741F6045FC00F43738 /* ViewController.m */ = {isa = PBXFileReference; lastKnownFileType = sourcecode.c.objc; path = ViewController.m; sourceTree = "<group>"; };
		415DDE771F6045FC00F43738 /* Base */ = {isa = PBXFileReference; lastKnownFileType = file.storyboard; name = Base; path = Base.lproj/Main.storyboard; sourceTree = "<group>"; };
		415DDE7A1F6045FC00F43738 /* AKAudioNoteBook.xcdatamodel */ = {isa = PBXFileReference; lastKnownFileType = wrapper.xcdatamodel; path = AKAudioNoteBook.xcdatamodel; sourceTree = "<group>"; };
		415DDE7C1F6045FC00F43738 /* Assets.xcassets */ = {isa = PBXFileReference; lastKnownFileType = folder.assetcatalog; path = Assets.xcassets; sourceTree = "<group>"; };
		415DDE7F1F6045FC00F43738 /* Base */ = {isa = PBXFileReference; lastKnownFileType = file.storyboard; name = Base; path = Base.lproj/LaunchScreen.storyboard; sourceTree = "<group>"; };
		415DDE811F6045FC00F43738 /* Info.plist */ = {isa = PBXFileReference; lastKnownFileType = text.plist.xml; path = Info.plist; sourceTree = "<group>"; };
		415DDE821F6045FC00F43738 /* main.m */ = {isa = PBXFileReference; lastKnownFileType = sourcecode.c.objc; path = main.m; sourceTree = "<group>"; };
		415DDE881F6045FC00F43738 /* AKAudioNoteBookTests.xctest */ = {isa = PBXFileReference; explicitFileType = wrapper.cfbundle; includeInIndex = 0; path = AKAudioNoteBookTests.xctest; sourceTree = BUILT_PRODUCTS_DIR; };
		415DDE8C1F6045FC00F43738 /* AKAudioNoteBookTests.m */ = {isa = PBXFileReference; lastKnownFileType = sourcecode.c.objc; path = AKAudioNoteBookTests.m; sourceTree = "<group>"; };
		415DDE8E1F6045FC00F43738 /* Info.plist */ = {isa = PBXFileReference; lastKnownFileType = text.plist.xml; path = Info.plist; sourceTree = "<group>"; };
		415DDE931F6045FC00F43738 /* AKAudioNoteBookUITests.xctest */ = {isa = PBXFileReference; explicitFileType = wrapper.cfbundle; includeInIndex = 0; path = AKAudioNoteBookUITests.xctest; sourceTree = BUILT_PRODUCTS_DIR; };
		415DDE971F6045FC00F43738 /* AKAudioNoteBookUITests.m */ = {isa = PBXFileReference; lastKnownFileType = sourcecode.c.objc; path = AKAudioNoteBookUITests.m; sourceTree = "<group>"; };
		415DDE991F6045FC00F43738 /* Info.plist */ = {isa = PBXFileReference; lastKnownFileType = text.plist.xml; path = Info.plist; sourceTree = "<group>"; };
		415DDEA61F604AC700F43738 /* AKMainCategory.h */ = {isa = PBXFileReference; lastKnownFileType = sourcecode.c.h; path = AKMainCategory.h; sourceTree = "<group>"; };
		415DDEA71F604AC700F43738 /* AKMainCategory.m */ = {isa = PBXFileReference; lastKnownFileType = sourcecode.c.objc; path = AKMainCategory.m; sourceTree = "<group>"; };
		415DDEAB1F60513E00F43738 /* AKBaseDefine.h */ = {isa = PBXFileReference; lastKnownFileType = sourcecode.c.h; path = AKBaseDefine.h; sourceTree = "<group>"; };
		437D5819F666D63682B0F602 /* Pods-AKAudioNoteBookTests.debug.xcconfig */ = {isa = PBXFileReference; includeInIndex = 1; lastKnownFileType = text.xcconfig; name = "Pods-AKAudioNoteBookTests.debug.xcconfig"; path = "Pods/Target Support Files/Pods-AKAudioNoteBookTests/Pods-AKAudioNoteBookTests.debug.xcconfig"; sourceTree = "<group>"; };
		467093FB848837A40BE2D99D /* libPods-AKAudioNoteBookUITests.a */ = {isa = PBXFileReference; explicitFileType = archive.ar; includeInIndex = 0; path = "libPods-AKAudioNoteBookUITests.a"; sourceTree = BUILT_PRODUCTS_DIR; };
		4B3C9D4A777F54D2A3251957 /* Pods-AKAudioNoteBook.release.xcconfig */ = {isa = PBXFileReference; includeInIndex = 1; lastKnownFileType = text.xcconfig; name = "Pods-AKAudioNoteBook.release.xcconfig"; path = "Pods/Target Support Files/Pods-AKAudioNoteBook/Pods-AKAudioNoteBook.release.xcconfig"; sourceTree = "<group>"; };
		66D5B69FDEAAD1DF5F9F2D11 /* Pods-AKAudioNoteBook.debug.xcconfig */ = {isa = PBXFileReference; includeInIndex = 1; lastKnownFileType = text.xcconfig; name = "Pods-AKAudioNoteBook.debug.xcconfig"; path = "Pods/Target Support Files/Pods-AKAudioNoteBook/Pods-AKAudioNoteBook.debug.xcconfig"; sourceTree = "<group>"; };
		7118FFC88055BAD1E429036A /* Pods-AKAudioNoteBookUITests.release.xcconfig */ = {isa = PBXFileReference; includeInIndex = 1; lastKnownFileType = text.xcconfig; name = "Pods-AKAudioNoteBookUITests.release.xcconfig"; path = "Pods/Target Support Files/Pods-AKAudioNoteBookUITests/Pods-AKAudioNoteBookUITests.release.xcconfig"; sourceTree = "<group>"; };
		E1989D089CEBEA530EFF6DDE /* libPods-AKAudioNoteBook.a */ = {isa = PBXFileReference; explicitFileType = archive.ar; includeInIndex = 0; path = "libPods-AKAudioNoteBook.a"; sourceTree = BUILT_PRODUCTS_DIR; };
		E378CB7F7150ADFC221CDBE3 /* Pods-AKAudioNoteBookTests.release.xcconfig */ = {isa = PBXFileReference; includeInIndex = 1; lastKnownFileType = text.xcconfig; name = "Pods-AKAudioNoteBookTests.release.xcconfig"; path = "Pods/Target Support Files/Pods-AKAudioNoteBookTests/Pods-AKAudioNoteBookTests.release.xcconfig"; sourceTree = "<group>"; };
/* End PBXFileReference section */

/* Begin PBXFrameworksBuildPhase section */
		415DDE6A1F6045FC00F43738 /* Frameworks */ = {
			isa = PBXFrameworksBuildPhase;
			buildActionMask = 2147483647;
			files = (
				6F5AD7595735E6DB59A8D3D4 /* libPods-AKAudioNoteBook.a in Frameworks */,
			);
			runOnlyForDeploymentPostprocessing = 0;
		};
		415DDE851F6045FC00F43738 /* Frameworks */ = {
			isa = PBXFrameworksBuildPhase;
			buildActionMask = 2147483647;
			files = (
				E23EC8309B7748A02454602E /* libPods-AKAudioNoteBookTests.a in Frameworks */,
			);
			runOnlyForDeploymentPostprocessing = 0;
		};
		415DDE901F6045FC00F43738 /* Frameworks */ = {
			isa = PBXFrameworksBuildPhase;
			buildActionMask = 2147483647;
			files = (
				F93C4944137F9E48F27CB9D0 /* libPods-AKAudioNoteBookUITests.a in Frameworks */,
			);
			runOnlyForDeploymentPostprocessing = 0;
		};
/* End PBXFrameworksBuildPhase section */

/* Begin PBXGroup section */
		4145AB0C1F6058AC004AADD9 /* File */ = {
			isa = PBXGroup;
			children = (
				4145AB0D1F6058C5004AADD9 /* AKTextView.h */,
				4145AB0E1F6058C5004AADD9 /* AKTextView.m */,
				4145AB101F6058E8004AADD9 /* AKTextViewController.h */,
				4145AB111F6058E8004AADD9 /* AKTextViewController.m */,
			);
			path = File;
			sourceTree = "<group>";
		};
		4145AB131F6059A6004AADD9 /* Mix */ = {
			isa = PBXGroup;
			children = (
				4145AB141F6059AD004AADD9 /* AKMixViewController.h */,
				4145AB151F6059AD004AADD9 /* AKMixViewController.m */,
			);
			path = Mix;
			sourceTree = "<group>";
		};
		415DDE641F6045FC00F43738 = {
			isa = PBXGroup;
			children = (
				415DDE6F1F6045FC00F43738 /* AKAudioNoteBook */,
				415DDE8B1F6045FC00F43738 /* AKAudioNoteBookTests */,
				415DDE961F6045FC00F43738 /* AKAudioNoteBookUITests */,
				415DDE6E1F6045FC00F43738 /* Products */,
				5A956CEAFBC78F013FDD57F0 /* Pods */,
				84B3EB56BC3600ECFE76DBA8 /* Frameworks */,
			);
			sourceTree = "<group>";
		};
		415DDE6E1F6045FC00F43738 /* Products */ = {
			isa = PBXGroup;
			children = (
				415DDE6D1F6045FC00F43738 /* AKAudioNoteBook.app */,
				415DDE881F6045FC00F43738 /* AKAudioNoteBookTests.xctest */,
				415DDE931F6045FC00F43738 /* AKAudioNoteBookUITests.xctest */,
			);
			name = Products;
			sourceTree = "<group>";
		};
		415DDE6F1F6045FC00F43738 /* AKAudioNoteBook */ = {
			isa = PBXGroup;
			children = (
				4145AB131F6059A6004AADD9 /* Mix */,
				4145AB0C1F6058AC004AADD9 /* File */,
				415DDEA91F60510200F43738 /* Constant */,
				415DDEA51F604AAB00F43738 /* Catalog */,
				415DDE701F6045FC00F43738 /* AppDelegate.h */,
				415DDE711F6045FC00F43738 /* AppDelegate.m */,
				415DDE731F6045FC00F43738 /* ViewController.h */,
				415DDE741F6045FC00F43738 /* ViewController.m */,
				415DDE761F6045FC00F43738 /* Main.storyboard */,
				415DDE7C1F6045FC00F43738 /* Assets.xcassets */,
				415DDE7E1F6045FC00F43738 /* LaunchScreen.storyboard */,
				415DDE811F6045FC00F43738 /* Info.plist */,
				415DDE821F6045FC00F43738 /* main.m */,
				415DDE791F6045FC00F43738 /* AKAudioNoteBook.xcdatamodeld */,
			);
			path = AKAudioNoteBook;
			sourceTree = "<group>";
		};
		415DDE8B1F6045FC00F43738 /* AKAudioNoteBookTests */ = {
			isa = PBXGroup;
			children = (
				415DDE8C1F6045FC00F43738 /* AKAudioNoteBookTests.m */,
				415DDE8E1F6045FC00F43738 /* Info.plist */,
			);
			path = AKAudioNoteBookTests;
			sourceTree = "<group>";
		};
		415DDE961F6045FC00F43738 /* AKAudioNoteBookUITests */ = {
			isa = PBXGroup;
			children = (
				415DDE971F6045FC00F43738 /* AKAudioNoteBookUITests.m */,
				415DDE991F6045FC00F43738 /* Info.plist */,
			);
			path = AKAudioNoteBookUITests;
			sourceTree = "<group>";
		};
		415DDEA51F604AAB00F43738 /* Catalog */ = {
			isa = PBXGroup;
			children = (
				415DDEA61F604AC700F43738 /* AKMainCategory.h */,
				415DDEA71F604AC700F43738 /* AKMainCategory.m */,
			);
			path = Catalog;
			sourceTree = "<group>";
		};
		415DDEA91F60510200F43738 /* Constant */ = {
			isa = PBXGroup;
			children = (
				415DDEAB1F60513E00F43738 /* AKBaseDefine.h */,
			);
			path = Constant;
			sourceTree = "<group>";
		};
		5A956CEAFBC78F013FDD57F0 /* Pods */ = {
			isa = PBXGroup;
			children = (
				66D5B69FDEAAD1DF5F9F2D11 /* Pods-AKAudioNoteBook.debug.xcconfig */,
				4B3C9D4A777F54D2A3251957 /* Pods-AKAudioNoteBook.release.xcconfig */,
				437D5819F666D63682B0F602 /* Pods-AKAudioNoteBookTests.debug.xcconfig */,
				E378CB7F7150ADFC221CDBE3 /* Pods-AKAudioNoteBookTests.release.xcconfig */,
				15E510BD1A1C98D2AE898037 /* Pods-AKAudioNoteBookUITests.debug.xcconfig */,
				7118FFC88055BAD1E429036A /* Pods-AKAudioNoteBookUITests.release.xcconfig */,
			);
			name = Pods;
			sourceTree = "<group>";
		};
		84B3EB56BC3600ECFE76DBA8 /* Frameworks */ = {
			isa = PBXGroup;
			children = (
				E1989D089CEBEA530EFF6DDE /* libPods-AKAudioNoteBook.a */,
				051038B56CA0AA3444AF68EE /* libPods-AKAudioNoteBookTests.a */,
				467093FB848837A40BE2D99D /* libPods-AKAudioNoteBookUITests.a */,
			);
			name = Frameworks;
			sourceTree = "<group>";
		};
/* End PBXGroup section */

/* Begin PBXNativeTarget section */
		415DDE6C1F6045FC00F43738 /* AKAudioNoteBook */ = {
			isa = PBXNativeTarget;
			buildConfigurationList = 415DDE9C1F6045FC00F43738 /* Build configuration list for PBXNativeTarget "AKAudioNoteBook" */;
			buildPhases = (
				34CF500C99D2673697AD2F72 /* [CP] Check Pods Manifest.lock */,
				415DDE691F6045FC00F43738 /* Sources */,
				415DDE6A1F6045FC00F43738 /* Frameworks */,
				415DDE6B1F6045FC00F43738 /* Resources */,
				93A7810D7653DDA6A2E6CCA2 /* [CP] Embed Pods Frameworks */,
				6FFEEFB4382E989C40E621AD /* [CP] Copy Pods Resources */,
			);
			buildRules = (
			);
			dependencies = (
			);
			name = AKAudioNoteBook;
			productName = AKAudioNoteBook;
			productReference = 415DDE6D1F6045FC00F43738 /* AKAudioNoteBook.app */;
			productType = "com.apple.product-type.application";
		};
		415DDE871F6045FC00F43738 /* AKAudioNoteBookTests */ = {
			isa = PBXNativeTarget;
			buildConfigurationList = 415DDE9F1F6045FC00F43738 /* Build configuration list for PBXNativeTarget "AKAudioNoteBookTests" */;
			buildPhases = (
				2856B45325E1A9BDC100EAC8 /* [CP] Check Pods Manifest.lock */,
				415DDE841F6045FC00F43738 /* Sources */,
				415DDE851F6045FC00F43738 /* Frameworks */,
				415DDE861F6045FC00F43738 /* Resources */,
				2FDE1B1D4127663266753BA1 /* [CP] Embed Pods Frameworks */,
				FD9C60143448DF76B905A6EE /* [CP] Copy Pods Resources */,
			);
			buildRules = (
			);
			dependencies = (
				415DDE8A1F6045FC00F43738 /* PBXTargetDependency */,
			);
			name = AKAudioNoteBookTests;
			productName = AKAudioNoteBookTests;
			productReference = 415DDE881F6045FC00F43738 /* AKAudioNoteBookTests.xctest */;
			productType = "com.apple.product-type.bundle.unit-test";
		};
		415DDE921F6045FC00F43738 /* AKAudioNoteBookUITests */ = {
			isa = PBXNativeTarget;
			buildConfigurationList = 415DDEA21F6045FC00F43738 /* Build configuration list for PBXNativeTarget "AKAudioNoteBookUITests" */;
			buildPhases = (
				56FE90E68839A559A5D142B4 /* [CP] Check Pods Manifest.lock */,
				415DDE8F1F6045FC00F43738 /* Sources */,
				415DDE901F6045FC00F43738 /* Frameworks */,
				415DDE911F6045FC00F43738 /* Resources */,
				FE35C1F18560D9CB00CDB9DF /* [CP] Embed Pods Frameworks */,
				4311CD7F8DB1EA42F1D316FE /* [CP] Copy Pods Resources */,
			);
			buildRules = (
			);
			dependencies = (
				415DDE951F6045FC00F43738 /* PBXTargetDependency */,
			);
			name = AKAudioNoteBookUITests;
			productName = AKAudioNoteBookUITests;
			productReference = 415DDE931F6045FC00F43738 /* AKAudioNoteBookUITests.xctest */;
			productType = "com.apple.product-type.bundle.ui-testing";
		};
/* End PBXNativeTarget section */

/* Begin PBXProject section */
		415DDE651F6045FC00F43738 /* Project object */ = {
			isa = PBXProject;
			attributes = {
				LastUpgradeCheck = 0900;
				ORGANIZATIONNAME = Aka;
				TargetAttributes = {
					415DDE6C1F6045FC00F43738 = {
						CreatedOnToolsVersion = 9.0;
						ProvisioningStyle = Automatic;
					};
					415DDE871F6045FC00F43738 = {
						CreatedOnToolsVersion = 9.0;
						ProvisioningStyle = Automatic;
						TestTargetID = 415DDE6C1F6045FC00F43738;
					};
					415DDE921F6045FC00F43738 = {
						CreatedOnToolsVersion = 9.0;
						ProvisioningStyle = Automatic;
						TestTargetID = 415DDE6C1F6045FC00F43738;
					};
				};
			};
			buildConfigurationList = 415DDE681F6045FC00F43738 /* Build configuration list for PBXProject "AKAudioNoteBook" */;
			compatibilityVersion = "Xcode 8.0";
			developmentRegion = en;
			hasScannedForEncodings = 0;
			knownRegions = (
				en,
				Base,
			);
			mainGroup = 415DDE641F6045FC00F43738;
			productRefGroup = 415DDE6E1F6045FC00F43738 /* Products */;
			projectDirPath = "";
			projectRoot = "";
			targets = (
				415DDE6C1F6045FC00F43738 /* AKAudioNoteBook */,
				415DDE871F6045FC00F43738 /* AKAudioNoteBookTests */,
				415DDE921F6045FC00F43738 /* AKAudioNoteBookUITests */,
			);
		};
/* End PBXProject section */

/* Begin PBXResourcesBuildPhase section */
		415DDE6B1F6045FC00F43738 /* Resources */ = {
			isa = PBXResourcesBuildPhase;
			buildActionMask = 2147483647;
			files = (
				415DDE801F6045FC00F43738 /* LaunchScreen.storyboard in Resources */,
				415DDE7D1F6045FC00F43738 /* Assets.xcassets in Resources */,
				415DDE781F6045FC00F43738 /* Main.storyboard in Resources */,
			);
			runOnlyForDeploymentPostprocessing = 0;
		};
		415DDE861F6045FC00F43738 /* Resources */ = {
			isa = PBXResourcesBuildPhase;
			buildActionMask = 2147483647;
			files = (
			);
			runOnlyForDeploymentPostprocessing = 0;
		};
		415DDE911F6045FC00F43738 /* Resources */ = {
			isa = PBXResourcesBuildPhase;
			buildActionMask = 2147483647;
			files = (
			);
			runOnlyForDeploymentPostprocessing = 0;
		};
/* End PBXResourcesBuildPhase section */

/* Begin PBXShellScriptBuildPhase section */
		2856B45325E1A9BDC100EAC8 /* [CP] Check Pods Manifest.lock */ = {
			isa = PBXShellScriptBuildPhase;
			buildActionMask = 2147483647;
			files = (
			);
			inputPaths = (
			);
			name = "[CP] Check Pods Manifest.lock";
			outputPaths = (
			);
			runOnlyForDeploymentPostprocessing = 0;
			shellPath = /bin/sh;
			shellScript = "diff \"${PODS_PODFILE_DIR_PATH}/Podfile.lock\" \"${PODS_ROOT}/Manifest.lock\" > /dev/null\nif [ $? != 0 ] ; then\n    # print error to STDERR\n    echo \"error: The sandbox is not in sync with the Podfile.lock. Run 'pod install' or update your CocoaPods installation.\" >&2\n    exit 1\nfi\n";
			showEnvVarsInLog = 0;
		};
		2FDE1B1D4127663266753BA1 /* [CP] Embed Pods Frameworks */ = {
			isa = PBXShellScriptBuildPhase;
			buildActionMask = 2147483647;
			files = (
			);
			inputPaths = (
			);
			name = "[CP] Embed Pods Frameworks";
			outputPaths = (
			);
			runOnlyForDeploymentPostprocessing = 0;
			shellPath = /bin/sh;
			shellScript = "\"${SRCROOT}/Pods/Target Support Files/Pods-AKAudioNoteBookTests/Pods-AKAudioNoteBookTests-frameworks.sh\"\n";
			showEnvVarsInLog = 0;
		};
		34CF500C99D2673697AD2F72 /* [CP] Check Pods Manifest.lock */ = {
			isa = PBXShellScriptBuildPhase;
			buildActionMask = 2147483647;
			files = (
			);
			inputPaths = (
			);
			name = "[CP] Check Pods Manifest.lock";
			outputPaths = (
			);
			runOnlyForDeploymentPostprocessing = 0;
			shellPath = /bin/sh;
			shellScript = "diff \"${PODS_PODFILE_DIR_PATH}/Podfile.lock\" \"${PODS_ROOT}/Manifest.lock\" > /dev/null\nif [ $? != 0 ] ; then\n    # print error to STDERR\n    echo \"error: The sandbox is not in sync with the Podfile.lock. Run 'pod install' or update your CocoaPods installation.\" >&2\n    exit 1\nfi\n";
			showEnvVarsInLog = 0;
		};
		4311CD7F8DB1EA42F1D316FE /* [CP] Copy Pods Resources */ = {
			isa = PBXShellScriptBuildPhase;
			buildActionMask = 2147483647;
			files = (
			);
			inputPaths = (
			);
			name = "[CP] Copy Pods Resources";
			outputPaths = (
			);
			runOnlyForDeploymentPostprocessing = 0;
			shellPath = /bin/sh;
			shellScript = "\"${SRCROOT}/Pods/Target Support Files/Pods-AKAudioNoteBookUITests/Pods-AKAudioNoteBookUITests-resources.sh\"\n";
			showEnvVarsInLog = 0;
		};
		56FE90E68839A559A5D142B4 /* [CP] Check Pods Manifest.lock */ = {
			isa = PBXShellScriptBuildPhase;
			buildActionMask = 2147483647;
			files = (
			);
			inputPaths = (
			);
			name = "[CP] Check Pods Manifest.lock";
			outputPaths = (
			);
			runOnlyForDeploymentPostprocessing = 0;
			shellPath = /bin/sh;
			shellScript = "diff \"${PODS_PODFILE_DIR_PATH}/Podfile.lock\" \"${PODS_ROOT}/Manifest.lock\" > /dev/null\nif [ $? != 0 ] ; then\n    # print error to STDERR\n    echo \"error: The sandbox is not in sync with the Podfile.lock. Run 'pod install' or update your CocoaPods installation.\" >&2\n    exit 1\nfi\n";
			showEnvVarsInLog = 0;
		};
		6FFEEFB4382E989C40E621AD /* [CP] Copy Pods Resources */ = {
			isa = PBXShellScriptBuildPhase;
			buildActionMask = 2147483647;
			files = (
			);
			inputPaths = (
			);
			name = "[CP] Copy Pods Resources";
			outputPaths = (
			);
			runOnlyForDeploymentPostprocessing = 0;
			shellPath = /bin/sh;
			shellScript = "\"${SRCROOT}/Pods/Target Support Files/Pods-AKAudioNoteBook/Pods-AKAudioNoteBook-resources.sh\"\n";
			showEnvVarsInLog = 0;
		};
		93A7810D7653DDA6A2E6CCA2 /* [CP] Embed Pods Frameworks */ = {
			isa = PBXShellScriptBuildPhase;
			buildActionMask = 2147483647;
			files = (
			);
			inputPaths = (
			);
			name = "[CP] Embed Pods Frameworks";
			outputPaths = (
			);
			runOnlyForDeploymentPostprocessing = 0;
			shellPath = /bin/sh;
			shellScript = "\"${SRCROOT}/Pods/Target Support Files/Pods-AKAudioNoteBook/Pods-AKAudioNoteBook-frameworks.sh\"\n";
			showEnvVarsInLog = 0;
		};
		FD9C60143448DF76B905A6EE /* [CP] Copy Pods Resources */ = {
			isa = PBXShellScriptBuildPhase;
			buildActionMask = 2147483647;
			files = (
			);
			inputPaths = (
			);
			name = "[CP] Copy Pods Resources";
			outputPaths = (
			);
			runOnlyForDeploymentPostprocessing = 0;
			shellPath = /bin/sh;
			shellScript = "\"${SRCROOT}/Pods/Target Support Files/Pods-AKAudioNoteBookTests/Pods-AKAudioNoteBookTests-resources.sh\"\n";
			showEnvVarsInLog = 0;
		};
		FE35C1F18560D9CB00CDB9DF /* [CP] Embed Pods Frameworks */ = {
			isa = PBXShellScriptBuildPhase;
			buildActionMask = 2147483647;
			files = (
			);
			inputPaths = (
			);
			name = "[CP] Embed Pods Frameworks";
			outputPaths = (
			);
			runOnlyForDeploymentPostprocessing = 0;
			shellPath = /bin/sh;
			shellScript = "\"${SRCROOT}/Pods/Target Support Files/Pods-AKAudioNoteBookUITests/Pods-AKAudioNoteBookUITests-frameworks.sh\"\n";
			showEnvVarsInLog = 0;
		};
/* End PBXShellScriptBuildPhase section */

/* Begin PBXSourcesBuildPhase section */
		415DDE691F6045FC00F43738 /* Sources */ = {
			isa = PBXSourcesBuildPhase;
			buildActionMask = 2147483647;
			files = (
				415DDE751F6045FC00F43738 /* ViewController.m in Sources */,
				4145AB161F6059AD004AADD9 /* AKMixViewController.m in Sources */,
				4145AB0F1F6058C5004AADD9 /* AKTextView.m in Sources */,
				4145AB121F6058E8004AADD9 /* AKTextViewController.m in Sources */,
				415DDE721F6045FC00F43738 /* AppDelegate.m in Sources */,
				415DDE831F6045FC00F43738 /* main.m in Sources */,
				415DDE7B1F6045FC00F43738 /* AKAudioNoteBook.xcdatamodeld in Sources */,
				415DDEA81F604AC800F43738 /* AKMainCategory.m in Sources */,
			);
			runOnlyForDeploymentPostprocessing = 0;
		};
		415DDE841F6045FC00F43738 /* Sources */ = {
			isa = PBXSourcesBuildPhase;
			buildActionMask = 2147483647;
			files = (
				415DDE8D1F6045FC00F43738 /* AKAudioNoteBookTests.m in Sources */,
			);
			runOnlyForDeploymentPostprocessing = 0;
		};
		415DDE8F1F6045FC00F43738 /* Sources */ = {
			isa = PBXSourcesBuildPhase;
			buildActionMask = 2147483647;
			files = (
				415DDE981F6045FC00F43738 /* AKAudioNoteBookUITests.m in Sources */,
			);
			runOnlyForDeploymentPostprocessing = 0;
		};
/* End PBXSourcesBuildPhase section */

/* Begin PBXTargetDependency section */
		415DDE8A1F6045FC00F43738 /* PBXTargetDependency */ = {
			isa = PBXTargetDependency;
			target = 415DDE6C1F6045FC00F43738 /* AKAudioNoteBook */;
			targetProxy = 415DDE891F6045FC00F43738 /* PBXContainerItemProxy */;
		};
		415DDE951F6045FC00F43738 /* PBXTargetDependency */ = {
			isa = PBXTargetDependency;
			target = 415DDE6C1F6045FC00F43738 /* AKAudioNoteBook */;
			targetProxy = 415DDE941F6045FC00F43738 /* PBXContainerItemProxy */;
		};
/* End PBXTargetDependency section */

/* Begin PBXVariantGroup section */
		415DDE761F6045FC00F43738 /* Main.storyboard */ = {
			isa = PBXVariantGroup;
			children = (
				415DDE771F6045FC00F43738 /* Base */,
			);
			name = Main.storyboard;
			sourceTree = "<group>";
		};
		415DDE7E1F6045FC00F43738 /* LaunchScreen.storyboard */ = {
			isa = PBXVariantGroup;
			children = (
				415DDE7F1F6045FC00F43738 /* Base */,
			);
			name = LaunchScreen.storyboard;
			sourceTree = "<group>";
		};
/* End PBXVariantGroup section */

/* Begin XCBuildConfiguration section */
		415DDE9A1F6045FC00F43738 /* Debug */ = {
			isa = XCBuildConfiguration;
			buildSettings = {
				ALWAYS_SEARCH_USER_PATHS = NO;
				CLANG_ANALYZER_NONNULL = YES;
				CLANG_ANALYZER_NUMBER_OBJECT_CONVERSION = YES_AGGRESSIVE;
				CLANG_CXX_LANGUAGE_STANDARD = "gnu++14";
				CLANG_CXX_LIBRARY = "libc++";
				CLANG_ENABLE_MODULES = YES;
				CLANG_ENABLE_OBJC_ARC = YES;
				CLANG_WARN_BLOCK_CAPTURE_AUTORELEASING = YES;
				CLANG_WARN_BOOL_CONVERSION = YES;
				CLANG_WARN_COMMA = YES;
				CLANG_WARN_CONSTANT_CONVERSION = YES;
				CLANG_WARN_DIRECT_OBJC_ISA_USAGE = YES_ERROR;
				CLANG_WARN_DOCUMENTATION_COMMENTS = YES;
				CLANG_WARN_EMPTY_BODY = YES;
				CLANG_WARN_ENUM_CONVERSION = YES;
				CLANG_WARN_INFINITE_RECURSION = YES;
				CLANG_WARN_INT_CONVERSION = YES;
				CLANG_WARN_NON_LITERAL_NULL_CONVERSION = YES;
				CLANG_WARN_OBJC_LITERAL_CONVERSION = YES;
				CLANG_WARN_OBJC_ROOT_CLASS = YES_ERROR;
				CLANG_WARN_RANGE_LOOP_ANALYSIS = YES;
				CLANG_WARN_STRICT_PROTOTYPES = YES;
				CLANG_WARN_SUSPICIOUS_MOVE = YES;
				CLANG_WARN_UNGUARDED_AVAILABILITY = YES_AGGRESSIVE;
				CLANG_WARN_UNREACHABLE_CODE = YES;
				CLANG_WARN__DUPLICATE_METHOD_MATCH = YES;
				CODE_SIGN_IDENTITY = "iPhone Developer";
				COPY_PHASE_STRIP = NO;
				DEBUG_INFORMATION_FORMAT = dwarf;
				ENABLE_STRICT_OBJC_MSGSEND = YES;
				ENABLE_TESTABILITY = YES;
				GCC_C_LANGUAGE_STANDARD = gnu11;
				GCC_DYNAMIC_NO_PIC = NO;
				GCC_NO_COMMON_BLOCKS = YES;
				GCC_OPTIMIZATION_LEVEL = 0;
				GCC_PREPROCESSOR_DEFINITIONS = (
					"DEBUG=1",
					"$(inherited)",
				);
				GCC_WARN_64_TO_32_BIT_CONVERSION = YES;
				GCC_WARN_ABOUT_RETURN_TYPE = YES_ERROR;
				GCC_WARN_UNDECLARED_SELECTOR = YES;
				GCC_WARN_UNINITIALIZED_AUTOS = YES_AGGRESSIVE;
				GCC_WARN_UNUSED_FUNCTION = YES;
				GCC_WARN_UNUSED_VARIABLE = YES;
				IPHONEOS_DEPLOYMENT_TARGET = 11.0;
				MTL_ENABLE_DEBUG_INFO = YES;
				ONLY_ACTIVE_ARCH = YES;
				SDKROOT = iphoneos;
			};
			name = Debug;
		};
		415DDE9B1F6045FC00F43738 /* Release */ = {
			isa = XCBuildConfiguration;
			buildSettings = {
				ALWAYS_SEARCH_USER_PATHS = NO;
				CLANG_ANALYZER_NONNULL = YES;
				CLANG_ANALYZER_NUMBER_OBJECT_CONVERSION = YES_AGGRESSIVE;
				CLANG_CXX_LANGUAGE_STANDARD = "gnu++14";
				CLANG_CXX_LIBRARY = "libc++";
				CLANG_ENABLE_MODULES = YES;
				CLANG_ENABLE_OBJC_ARC = YES;
				CLANG_WARN_BLOCK_CAPTURE_AUTORELEASING = YES;
				CLANG_WARN_BOOL_CONVERSION = YES;
				CLANG_WARN_COMMA = YES;
				CLANG_WARN_CONSTANT_CONVERSION = YES;
				CLANG_WARN_DIRECT_OBJC_ISA_USAGE = YES_ERROR;
				CLANG_WARN_DOCUMENTATION_COMMENTS = YES;
				CLANG_WARN_EMPTY_BODY = YES;
				CLANG_WARN_ENUM_CONVERSION = YES;
				CLANG_WARN_INFINITE_RECURSION = YES;
				CLANG_WARN_INT_CONVERSION = YES;
				CLANG_WARN_NON_LITERAL_NULL_CONVERSION = YES;
				CLANG_WARN_OBJC_LITERAL_CONVERSION = YES;
				CLANG_WARN_OBJC_ROOT_CLASS = YES_ERROR;
				CLANG_WARN_RANGE_LOOP_ANALYSIS = YES;
				CLANG_WARN_STRICT_PROTOTYPES = YES;
				CLANG_WARN_SUSPICIOUS_MOVE = YES;
				CLANG_WARN_UNGUARDED_AVAILABILITY = YES_AGGRESSIVE;
				CLANG_WARN_UNREACHABLE_CODE = YES;
				CLANG_WARN__DUPLICATE_METHOD_MATCH = YES;
				CODE_SIGN_IDENTITY = "iPhone Developer";
				COPY_PHASE_STRIP = NO;
				DEBUG_INFORMATION_FORMAT = "dwarf-with-dsym";
				ENABLE_NS_ASSERTIONS = NO;
				ENABLE_STRICT_OBJC_MSGSEND = YES;
				GCC_C_LANGUAGE_STANDARD = gnu11;
				GCC_NO_COMMON_BLOCKS = YES;
				GCC_WARN_64_TO_32_BIT_CONVERSION = YES;
				GCC_WARN_ABOUT_RETURN_TYPE = YES_ERROR;
				GCC_WARN_UNDECLARED_SELECTOR = YES;
				GCC_WARN_UNINITIALIZED_AUTOS = YES_AGGRESSIVE;
				GCC_WARN_UNUSED_FUNCTION = YES;
				GCC_WARN_UNUSED_VARIABLE = YES;
				IPHONEOS_DEPLOYMENT_TARGET = 11.0;
				MTL_ENABLE_DEBUG_INFO = NO;
				SDKROOT = iphoneos;
				VALIDATE_PRODUCT = YES;
			};
			name = Release;
		};
		415DDE9D1F6045FC00F43738 /* Debug */ = {
			isa = XCBuildConfiguration;
			baseConfigurationReference = 66D5B69FDEAAD1DF5F9F2D11 /* Pods-AKAudioNoteBook.debug.xcconfig */;
			buildSettings = {
				ASSETCATALOG_COMPILER_APPICON_NAME = AppIcon;
				CODE_SIGN_STYLE = Automatic;
				DEVELOPMENT_TEAM = D2XBEJ6876;
				INFOPLIST_FILE = AKAudioNoteBook/Info.plist;
				IPHONEOS_DEPLOYMENT_TARGET = 8.0;
				LD_RUNPATH_SEARCH_PATHS = "$(inherited) @executable_path/Frameworks";
				PRODUCT_BUNDLE_IDENTIFIER = com.sport.yuedong.AKAudioNoteBook;
				PRODUCT_NAME = "$(TARGET_NAME)";
				TARGETED_DEVICE_FAMILY = "1,2";
			};
			name = Debug;
		};
		415DDE9E1F6045FC00F43738 /* Release */ = {
			isa = XCBuildConfiguration;
			baseConfigurationReference = 4B3C9D4A777F54D2A3251957 /* Pods-AKAudioNoteBook.release.xcconfig */;
			buildSettings = {
				ASSETCATALOG_COMPILER_APPICON_NAME = AppIcon;
				CODE_SIGN_STYLE = Automatic;
				DEVELOPMENT_TEAM = D2XBEJ6876;
				INFOPLIST_FILE = AKAudioNoteBook/Info.plist;
				IPHONEOS_DEPLOYMENT_TARGET = 8.0;
				LD_RUNPATH_SEARCH_PATHS = "$(inherited) @executable_path/Frameworks";
				PRODUCT_BUNDLE_IDENTIFIER = com.sport.yuedong.AKAudioNoteBook;
				PRODUCT_NAME = "$(TARGET_NAME)";
				TARGETED_DEVICE_FAMILY = "1,2";
			};
			name = Release;
		};
		415DDEA01F6045FC00F43738 /* Debug */ = {
			isa = XCBuildConfiguration;
			baseConfigurationReference = 437D5819F666D63682B0F602 /* Pods-AKAudioNoteBookTests.debug.xcconfig */;
			buildSettings = {
				BUNDLE_LOADER = "$(TEST_HOST)";
				CODE_SIGN_STYLE = Automatic;
				DEVELOPMENT_TEAM = D2XBEJ6876;
				INFOPLIST_FILE = AKAudioNoteBookTests/Info.plist;
				LD_RUNPATH_SEARCH_PATHS = "$(inherited) @executable_path/Frameworks @loader_path/Frameworks";
				PRODUCT_BUNDLE_IDENTIFIER = com.sport.yuedong.AKAudioNoteBookTests;
				PRODUCT_NAME = "$(TARGET_NAME)";
				TARGETED_DEVICE_FAMILY = "1,2";
				TEST_HOST = "$(BUILT_PRODUCTS_DIR)/AKAudioNoteBook.app/AKAudioNoteBook";
			};
			name = Debug;
		};
		415DDEA11F6045FC00F43738 /* Release */ = {
			isa = XCBuildConfiguration;
			baseConfigurationReference = E378CB7F7150ADFC221CDBE3 /* Pods-AKAudioNoteBookTests.release.xcconfig */;
			buildSettings = {
				BUNDLE_LOADER = "$(TEST_HOST)";
				CODE_SIGN_STYLE = Automatic;
				DEVELOPMENT_TEAM = D2XBEJ6876;
				INFOPLIST_FILE = AKAudioNoteBookTests/Info.plist;
				LD_RUNPATH_SEARCH_PATHS = "$(inherited) @executable_path/Frameworks @loader_path/Frameworks";
				PRODUCT_BUNDLE_IDENTIFIER = com.sport.yuedong.AKAudioNoteBookTests;
				PRODUCT_NAME = "$(TARGET_NAME)";
				TARGETED_DEVICE_FAMILY = "1,2";
				TEST_HOST = "$(BUILT_PRODUCTS_DIR)/AKAudioNoteBook.app/AKAudioNoteBook";
			};
			name = Release;
		};
		415DDEA31F6045FC00F43738 /* Debug */ = {
			isa = XCBuildConfiguration;
			baseConfigurationReference = 15E510BD1A1C98D2AE898037 /* Pods-AKAudioNoteBookUITests.debug.xcconfig */;
			buildSettings = {
				CODE_SIGN_STYLE = Automatic;
				DEVELOPMENT_TEAM = D2XBEJ6876;
				INFOPLIST_FILE = AKAudioNoteBookUITests/Info.plist;
				LD_RUNPATH_SEARCH_PATHS = "$(inherited) @executable_path/Frameworks @loader_path/Frameworks";
				PRODUCT_BUNDLE_IDENTIFIER = com.sport.yuedong.AKAudioNoteBookUITests;
				PRODUCT_NAME = "$(TARGET_NAME)";
				TARGETED_DEVICE_FAMILY = "1,2";
				TEST_TARGET_NAME = AKAudioNoteBook;
			};
			name = Debug;
		};
		415DDEA41F6045FC00F43738 /* Release */ = {
			isa = XCBuildConfiguration;
			baseConfigurationReference = 7118FFC88055BAD1E429036A /* Pods-AKAudioNoteBookUITests.release.xcconfig */;
			buildSettings = {
				CODE_SIGN_STYLE = Automatic;
				DEVELOPMENT_TEAM = D2XBEJ6876;
				INFOPLIST_FILE = AKAudioNoteBookUITests/Info.plist;
				LD_RUNPATH_SEARCH_PATHS = "$(inherited) @executable_path/Frameworks @loader_path/Frameworks";
				PRODUCT_BUNDLE_IDENTIFIER = com.sport.yuedong.AKAudioNoteBookUITests;
				PRODUCT_NAME = "$(TARGET_NAME)";
				TARGETED_DEVICE_FAMILY = "1,2";
				TEST_TARGET_NAME = AKAudioNoteBook;
			};
			name = Release;
		};
/* End XCBuildConfiguration section */

/* Begin XCConfigurationList section */
		415DDE681F6045FC00F43738 /* Build configuration list for PBXProject "AKAudioNoteBook" */ = {
			isa = XCConfigurationList;
			buildConfigurations = (
				415DDE9A1F6045FC00F43738 /* Debug */,
				415DDE9B1F6045FC00F43738 /* Release */,
			);
			defaultConfigurationIsVisible = 0;
			defaultConfigurationName = Release;
		};
		415DDE9C1F6045FC00F43738 /* Build configuration list for PBXNativeTarget "AKAudioNoteBook" */ = {
			isa = XCConfigurationList;
			buildConfigurations = (
				415DDE9D1F6045FC00F43738 /* Debug */,
				415DDE9E1F6045FC00F43738 /* Release */,
			);
			defaultConfigurationIsVisible = 0;
			defaultConfigurationName = Release;
		};
		415DDE9F1F6045FC00F43738 /* Build configuration list for PBXNativeTarget "AKAudioNoteBookTests" */ = {
			isa = XCConfigurationList;
			buildConfigurations = (
				415DDEA01F6045FC00F43738 /* Debug */,
				415DDEA11F6045FC00F43738 /* Release */,
			);
			defaultConfigurationIsVisible = 0;
			defaultConfigurationName = Release;
		};
		415DDEA21F6045FC00F43738 /* Build configuration list for PBXNativeTarget "AKAudioNoteBookUITests" */ = {
			isa = XCConfigurationList;
			buildConfigurations = (
				415DDEA31F6045FC00F43738 /* Debug */,
				415DDEA41F6045FC00F43738 /* Release */,
			);
			defaultConfigurationIsVisible = 0;
			defaultConfigurationName = Release;
		};
/* End XCConfigurationList section */

/* Begin XCVersionGroup section */
		415DDE791F6045FC00F43738 /* AKAudioNoteBook.xcdatamodeld */ = {
			isa = XCVersionGroup;
			children = (
				415DDE7A1F6045FC00F43738 /* AKAudioNoteBook.xcdatamodel */,
			);
			currentVersion = 415DDE7A1F6045FC00F43738 /* AKAudioNoteBook.xcdatamodel */;
			path = AKAudioNoteBook.xcdatamodeld;
			sourceTree = "<group>";
			versionGroupType = wrapper.xcdatamodel;
		};
/* End XCVersionGroup section */
	};
	rootObject = 415DDE651F6045FC00F43738 /* Project object */;
}
